{
  "name": "h5wasm-plugins",
  "version": "0.2.0",
  "lockfileVersion": 3,
  "requires": true,
  "packages": {
    "": {
      "name": "h5wasm-plugins",
      "version": "0.2.0",
      "license": "ISC",
      "peerDependencies": {
        "h5wasm": "^0.8.8"
      },
      "peerDependenciesMeta": {
        "h5wasm": {
          "optional": true
        }
      }
    },
    "node_modules/h5wasm": {
      "version": "0.8.8",
      "resolved": "https://registry.npmjs.org/h5wasm/-/h5wasm-0.8.8.tgz",
      "integrity": "sha512-wgob0VuCgvVU6E2S4fwPkwf+SbsPfk1fuRgX5o392NDyPfJMjWlM+ZvVuRBTaoo/futq3Fd1iPcRA74s9wMC2w==",
      "license": "SEE LICENSE IN LICENSE.txt",
      "optional": true,
      "peer": true
    }
  }
}
